
Microsoft Visual Studio Solution File, Format Version 12.00
# Visual Studio Version 16
VisualStudioVersion = 16.0.29709.97
MinimumVisualStudioVersion = 10.0.40219.1
Project("{9A19103F-16F7-4668-BE54-9A1E7A4F7556}") = "2020_01_05", "2020_01_05\2020_01_05.csproj", "{3C81970D-CAD5-43A2-8EAB-4A086988FF8A}"
EndProject
Project("{9A19103F-16F7-4668-BE54-9A1E7A4F7556}") = "Utils", "Utils\Utils.csproj", "{8726857C-C913-46BA-B2E6-5C4F1C383D9A}"
EndProject
Project("{2150E333-8FDC-42A3-9474-1A3956D46DE8}") = "algorithms", "algorithms", "{C0B6F547-772B-40D6-AF6D-EB5CF9A9C0AF}"
EndProject
Project("{2150E333-8FDC-42A3-9474-1A3956D46DE8}") = "concurrency", "concurrency", "{76367942-2172-46C1-AF9B-0FDA51A4B2F3}"
EndProject
Project("{9A19103F-16F7-4668-BE54-9A1E7A4F7556}") = "2020-01-06", "2020-01-06\2020-01-06.csproj", "{BB1A6A0F-BE9F-4117-9031-0C2D6284549A}"
EndProject
Project("{2150E333-8FDC-42A3-9474-1A3956D46DE8}") = "informalEssay", "informalEssay", "{60F57C71-CA45-4FCE-B697-27D2EA8913F1}"
EndProject
Project("{9A19103F-16F7-4668-BE54-9A1E7A4F7556}") = "2020_03_26", "20200326\2020_03_26.csproj", "{30654151-53F3-4C12-B5F7-429047231668}"
EndProject
Project("{2150E333-8FDC-42A3-9474-1A3956D46DE8}") = "初级算法（leetcode）", "初级算法（leetcode）", "{B1F870DB-4C7F-42A2-ADED-35690A38E1E0}"
EndProject
Project("{FAE04EC0-301F-11D3-BF4B-00C04F79EFBC}") = "2021-05", "2021-05\2021-05.csproj", "{33695F54-7FDE-4CDF-A712-6427CE217331}"
EndProject
Global
	GlobalSection(SolutionConfigurationPlatforms) = preSolution
		Debug|Any CPU = Debug|Any CPU
		Release|Any CPU = Release|Any CPU
	EndGlobalSection
	GlobalSection(ProjectConfigurationPlatforms) = postSolution
		{3C81970D-CAD5-43A2-8EAB-4A086988FF8A}.Debug|Any CPU.ActiveCfg = Debug|Any CPU
		{3C81970D-CAD5-43A2-8EAB-4A086988FF8A}.Debug|Any CPU.Build.0 = Debug|Any CPU
		{3C81970D-CAD5-43A2-8EAB-4A086988FF8A}.Release|Any CPU.ActiveCfg = Release|Any CPU
		{3C81970D-CAD5-43A2-8EAB-4A086988FF8A}.Release|Any CPU.Build.0 = Release|Any CPU
		{8726857C-C913-46BA-B2E6-5C4F1C383D9A}.Debug|Any CPU.ActiveCfg = Debug|Any CPU
		{8726857C-C913-46BA-B2E6-5C4F1C383D9A}.Debug|Any CPU.Build.0 = Debug|Any CPU
		{8726857C-C913-46BA-B2E6-5C4F1C383D9A}.Release|Any CPU.ActiveCfg = Release|Any CPU
		{8726857C-C913-46BA-B2E6-5C4F1C383D9A}.Release|Any CPU.Build.0 = Release|Any CPU
		{BB1A6A0F-BE9F-4117-9031-0C2D6284549A}.Debug|Any CPU.ActiveCfg = Debug|Any CPU
		{BB1A6A0F-BE9F-4117-9031-0C2D6284549A}.Debug|Any CPU.Build.0 = Debug|Any CPU
		{BB1A6A0F-BE9F-4117-9031-0C2D6284549A}.Release|Any CPU.ActiveCfg = Release|Any CPU
		{BB1A6A0F-BE9F-4117-9031-0C2D6284549A}.Release|Any CPU.Build.0 = Release|Any CPU
		{30654151-53F3-4C12-B5F7-429047231668}.Debug|Any CPU.ActiveCfg = Debug|Any CPU
		{30654151-53F3-4C12-B5F7-429047231668}.Debug|Any CPU.Build.0 = Debug|Any CPU
		{30654151-53F3-4C12-B5F7-429047231668}.Release|Any CPU.ActiveCfg = Release|Any CPU
		{30654151-53F3-4C12-B5F7-429047231668}.Release|Any CPU.Build.0 = Release|Any CPU
		{33695F54-7FDE-4CDF-A712-6427CE217331}.Debug|Any CPU.ActiveCfg = Debug|Any CPU
		{33695F54-7FDE-4CDF-A712-6427CE217331}.Debug|Any CPU.Build.0 = Debug|Any CPU
		{33695F54-7FDE-4CDF-A712-6427CE217331}.Release|Any CPU.ActiveCfg = Release|Any CPU
		{33695F54-7FDE-4CDF-A712-6427CE217331}.Release|Any CPU.Build.0 = Release|Any CPU
	EndGlobalSection
	GlobalSection(SolutionProperties) = preSolution
		HideSolutionNode = FALSE
	EndGlobalSection
	GlobalSection(NestedProjects) = preSolution
		{3C81970D-CAD5-43A2-8EAB-4A086988FF8A} = {C0B6F547-772B-40D6-AF6D-EB5CF9A9C0AF}
		{BB1A6A0F-BE9F-4117-9031-0C2D6284549A} = {76367942-2172-46C1-AF9B-0FDA51A4B2F3}
		{30654151-53F3-4C12-B5F7-429047231668} = {60F57C71-CA45-4FCE-B697-27D2EA8913F1}
		{33695F54-7FDE-4CDF-A712-6427CE217331} = {B1F870DB-4C7F-42A2-ADED-35690A38E1E0}
	EndGlobalSection
	GlobalSection(ExtensibilityGlobals) = postSolution
		SolutionGuid = {61D32DB5-7763-4476-9822-CCD05EB0DEC1}
	EndGlobalSection
EndGlobal
